// !$*UTF8*$!
{
	archiveVersion = 1;
	classes = {
	};
	objectVersion = 46;
	objects = {

/* Begin PBXBuildFile section */
		8B09909C1DAE5A4400D40D4F /* AppDelegate.swift in Sources */ = {isa = PBXBuildFile; fileRef = 8B09909B1DAE5A4400D40D4F /* AppDelegate.swift */; };
		8B09909E1DAE5A4400D40D4F /* ViewController.swift in Sources */ = {isa = PBXBuildFile; fileRef = 8B09909D1DAE5A4400D40D4F /* ViewController.swift */; };
		8B0990A11DAE5A4400D40D4F /* Main.storyboard in Resources */ = {isa = PBXBuildFile; fileRef = 8B09909F1DAE5A4400D40D4F /* Main.storyboard */; };
		8B0990A41DAE5A4400D40D4F /* MultiTarget.xcdatamodeld in Sources */ = {isa = PBXBuildFile; fileRef = 8B0990A21DAE5A4400D40D4F /* MultiTarget.xcdatamodeld */; };
		8B0990A61DAE5A4400D40D4F /* Assets.xcassets in Resources */ = {isa = PBXBuildFile; fileRef = 8B0990A51DAE5A4400D40D4F /* Assets.xcassets */; };
		8B0990A91DAE5A4400D40D4F /* LaunchScreen.storyboard in Resources */ = {isa = PBXBuildFile; fileRef = 8B0990A71DAE5A4400D40D4F /* LaunchScreen.storyboard */; };
		8B0990B41DAE5A4400D40D4F /* MultiTargetTests.swift in Sources */ = {isa = PBXBuildFile; fileRef = 8B0990B31DAE5A4400D40D4F /* MultiTargetTests.swift */; };
		8B0990C31DAE5AE600D40D4F /* ViewController.swift in Sources */ = {isa = PBXBuildFile; fileRef = 8B09909D1DAE5A4400D40D4F /* ViewController.swift */; };
		8B0990C41DAE5AE600D40D4F /* AppDelegate.swift in Sources */ = {isa = PBXBuildFile; fileRef = 8B09909B1DAE5A4400D40D4F /* AppDelegate.swift */; };
		8B0990C51DAE5AE600D40D4F /* MultiTarget.xcdatamodeld in Sources */ = {isa = PBXBuildFile; fileRef = 8B0990A21DAE5A4400D40D4F /* MultiTarget.xcdatamodeld */; };
		8B0990C81DAE5AE600D40D4F /* LaunchScreen.storyboard in Resources */ = {isa = PBXBuildFile; fileRef = 8B0990A71DAE5A4400D40D4F /* LaunchScreen.storyboard */; };
		8B0990C91DAE5AE600D40D4F /* Assets.xcassets in Resources */ = {isa = PBXBuildFile; fileRef = 8B0990A51DAE5A4400D40D4F /* Assets.xcassets */; };
		8B0990CA1DAE5AE600D40D4F /* Main.storyboard in Resources */ = {isa = PBXBuildFile; fileRef = 8B09909F1DAE5A4400D40D4F /* Main.storyboard */; };
/* End PBXBuildFile section */

/* Begin PBXContainerItemProxy section */
		8B0990B01DAE5A4400D40D4F /* PBXContainerItemProxy */ = {
			isa = PBXContainerItemProxy;
			containerPortal = 8B0990901DAE5A4400D40D4F /* Project object */;
			proxyType = 1;
			remoteGlobalIDString = 8B0990971DAE5A4400D40D4F;
			remoteInfo = MultiTarget;
		};
/* End PBXContainerItemProxy section */

/* Begin PBXFileReference section */
		8B0990981DAE5A4400D40D4F /* MultiTarget.app */ = {isa = PBXFileReference; explicitFileType = wrapper.application; includeInIndex = 0; path = MultiTarget.app; sourceTree = BUILT_PRODUCTS_DIR; };
		8B09909B1DAE5A4400D40D4F /* AppDelegate.swift */ = {isa = PBXFileReference; lastKnownFileType = sourcecode.swift; path = AppDelegate.swift; sourceTree = "<group>"; };
		8B09909D1DAE5A4400D40D4F /* ViewController.swift */ = {isa = PBXFileReference; lastKnownFileType = sourcecode.swift; path = ViewController.swift; sourceTree = "<group>"; };
		8B0990A01DAE5A4400D40D4F /* Base */ = {isa = PBXFileReference; lastKnownFileType = file.storyboard; name = Base; path = Base.lproj/Main.storyboard; sourceTree = "<group>"; };
		8B0990A31DAE5A4400D40D4F /* MultiTarget.xcdatamodel */ = {isa = PBXFileReference; lastKnownFileType = wrapper.xcdatamodel; path = MultiTarget.xcdatamodel; sourceTree = "<group>"; };
		8B0990A51DAE5A4400D40D4F /* Assets.xcassets */ = {isa = PBXFileReference; lastKnownFileType = folder.assetcatalog; path = Assets.xcassets; sourceTree = "<group>"; };
		8B0990A81DAE5A4400D40D4F /* Base */ = {isa = PBXFileReference; lastKnownFileType = file.storyboard; name = Base; path = Base.lproj/LaunchScreen.storyboard; sourceTree = "<group>"; };
		8B0990AA1DAE5A4400D40D4F /* Info.plist */ = {isa = PBXFileReference; lastKnownFileType = text.plist.xml; path = Info.plist; sourceTree = "<group>"; };
		8B0990AF1DAE5A4400D40D4F /* MultiTargetTests.xctest */ = {isa = PBXFileReference; explicitFileType = wrapper.cfbundle; includeInIndex = 0; path = MultiTargetTests.xctest; sourceTree = BUILT_PRODUCTS_DIR; };
		8B0990B31DAE5A4400D40D4F /* MultiTargetTests.swift */ = {isa = PBXFileReference; lastKnownFileType = sourcecode.swift; path = MultiTargetTests.swift; sourceTree = "<group>"; };
		8B0990B51DAE5A4400D40D4F /* Info.plist */ = {isa = PBXFileReference; lastKnownFileType = text.plist.xml; path = Info.plist; sourceTree = "<group>"; };
		8B0990CE1DAE5AE600D40D4F /* MultiTarget Dev.app */ = {isa = PBXFileReference; explicitFileType = wrapper.application; includeInIndex = 0; path = "MultiTarget Dev.app"; sourceTree = BUILT_PRODUCTS_DIR; };
		8B0990CF1DAE5AE600D40D4F /* MultiTarget Dev-Info.plist */ = {isa = PBXFileReference; lastKnownFileType = text.plist.xml; name = "MultiTarget Dev-Info.plist"; path = "/Users/developer/Documents/MultiTarget/MultiTarget Dev-Info.plist"; sourceTree = "<absolute>"; };
/* End PBXFileReference section */

/* Begin PBXFrameworksBuildPhase section */
		8B0990951DAE5A4400D40D4F /* Frameworks */ = {
			isa = PBXFrameworksBuildPhase;
			buildActionMask = 2147483647;
			files = (
			);
			runOnlyForDeploymentPostprocessing = 0;
		};
		8B0990AC1DAE5A4400D40D4F /* Frameworks */ = {
			isa = PBXFrameworksBuildPhase;
			buildActionMask = 2147483647;
			files = (
			);
			runOnlyForDeploymentPostprocessing = 0;
		};
		8B0990C61DAE5AE600D40D4F /* Frameworks */ = {
			isa = PBXFrameworksBuildPhase;
			buildActionMask = 2147483647;
			files = (
			);
			runOnlyForDeploymentPostprocessing = 0;
		};
/* End PBXFrameworksBuildPhase section */

/* Begin PBXGroup section */
		8B09908F1DAE5A4400D40D4F = {
			isa = PBXGroup;
			children = (
				8B09909A1DAE5A4400D40D4F /* MultiTarget */,
				8B0990B21DAE5A4400D40D4F /* MultiTargetTests */,
				8B0990991DAE5A4400D40D4F /* Products */,
			);
			sourceTree = "<group>";
		};
		8B0990991DAE5A4400D40D4F /* Products */ = {
			isa = PBXGroup;
			children = (
				8B0990981DAE5A4400D40D4F /* MultiTarget.app */,
				8B0990AF1DAE5A4400D40D4F /* MultiTargetTests.xctest */,
				8B0990CE1DAE5AE600D40D4F /* MultiTarget Dev.app */,
			);
			name = Products;
			sourceTree = "<group>";
		};
		8B09909A1DAE5A4400D40D4F /* MultiTarget */ = {
			isa = PBXGroup;
			children = (
				8B09909B1DAE5A4400D40D4F /* AppDelegate.swift */,
				8B09909D1DAE5A4400D40D4F /* ViewController.swift */,
				8B09909F1DAE5A4400D40D4F /* Main.storyboard */,
				8B0990A51DAE5A4400D40D4F /* Assets.xcassets */,
				8B0990A71DAE5A4400D40D4F /* LaunchScreen.storyboard */,
				8B0990AA1DAE5A4400D40D4F /* Info.plist */,
				8B0990CF1DAE5AE600D40D4F /* MultiTarget Dev-Info.plist */,
				8B0990A21DAE5A4400D40D4F /* MultiTarget.xcdatamodeld */,
			);
			path = MultiTarget;
			sourceTree = "<group>";
		};
		8B0990B21DAE5A4400D40D4F /* MultiTargetTests */ = {
			isa = PBXGroup;
			children = (
				8B0990B31DAE5A4400D40D4F /* MultiTargetTests.swift */,
				8B0990B51DAE5A4400D40D4F /* Info.plist */,
			);
			path = MultiTargetTests;
			sourceTree = "<group>";
		};
/* End PBXGroup section */

/* Begin PBXNativeTarget section */
		8B0990971DAE5A4400D40D4F /* MultiTarget */ = {
			isa = PBXNativeTarget;
			buildConfigurationList = 8B0990B81DAE5A4400D40D4F /* Build configuration list for PBXNativeTarget "MultiTarget" */;
			buildPhases = (
				8B0990941DAE5A4400D40D4F /* Sources */,
				8B0990951DAE5A4400D40D4F /* Frameworks */,
				8B0990961DAE5A4400D40D4F /* Resources */,
			);
			buildRules = (
			);
			dependencies = (
			);
			name = MultiTarget;
			productName = MultiTarget;
			productReference = 8B0990981DAE5A4400D40D4F /* MultiTarget.app */;
			productType = "com.apple.product-type.application";
		};
		8B0990AE1DAE5A4400D40D4F /* MultiTargetTests */ = {
			isa = PBXNativeTarget;
			buildConfigurationList = 8B0990BB1DAE5A4400D40D4F /* Build configuration list for PBXNativeTarget "MultiTargetTests" */;
			buildPhases = (
				8B0990AB1DAE5A4400D40D4F /* Sources */,
				8B0990AC1DAE5A4400D40D4F /* Frameworks */,
				8B0990AD1DAE5A4400D40D4F /* Resources */,
			);
			buildRules = (
			);
			dependencies = (
				8B0990B11DAE5A4400D40D4F /* PBXTargetDependency */,
			);
			name = MultiTargetTests;
			productName = MultiTargetTests;
			productReference = 8B0990AF1DAE5A4400D40D4F /* MultiTargetTests.xctest */;
			productType = "com.apple.product-type.bundle.unit-test";
		};
		8B0990C11DAE5AE600D40D4F /* MultiTarget Dev */ = {
			isa = PBXNativeTarget;
			buildConfigurationList = 8B0990CB1DAE5AE600D40D4F /* Build configuration list for PBXNativeTarget "MultiTarget Dev" */;
			buildPhases = (
				8B0990C21DAE5AE600D40D4F /* Sources */,
				8B0990C61DAE5AE600D40D4F /* Frameworks */,
				8B0990C71DAE5AE600D40D4F /* Resources */,
			);
			buildRules = (
			);
			dependencies = (
			);
			name = "MultiTarget Dev";
			productName = MultiTarget;
			productReference = 8B0990CE1DAE5AE600D40D4F /* MultiTarget Dev.app */;
			productType = "com.apple.product-type.application";
		};
/* End PBXNativeTarget section */

/* Begin PBXProject section */
		8B0990901DAE5A4400D40D4F /* Project object */ = {
			isa = PBXProject;
			attributes = {
				LastSwiftUpdateCheck = 0800;
				LastUpgradeCheck = 0800;
				ORGANIZATIONNAME = Sandeep;
				TargetAttributes = {
					8B0990971DAE5A4400D40D4F = {
						CreatedOnToolsVersion = 8.0;
						DevelopmentTeam = 36P22G9VTC;
						ProvisioningStyle = Automatic;
					};
					8B0990AE1DAE5A4400D40D4F = {
						CreatedOnToolsVersion = 8.0;
						DevelopmentTeam = 36P22G9VTC;
						ProvisioningStyle = Automatic;
						TestTargetID = 8B0990971DAE5A4400D40D4F;
					};
					8B0990C11DAE5AE600D40D4F = {
						DevelopmentTeam = 36P22G9VTC;
					};
				};
			};
			buildConfigurationList = 8B0990931DAE5A4400D40D4F /* Build configuration list for PBXProject "MultiTarget" */;
			compatibilityVersion = "Xcode 3.2";
			developmentRegion = English;
			hasScannedForEncodings = 0;
			knownRegions = (
				en,
				Base,
			);
			mainGroup = 8B09908F1DAE5A4400D40D4F;
			productRefGroup = 8B0990991DAE5A4400D40D4F /* Products */;
			projectDirPath = "";
			projectRoot = "";
			targets = (
				8B0990971DAE5A4400D40D4F /* MultiTarget */,
				8B0990AE1DAE5A4400D40D4F /* MultiTargetTests */,
				8B0990C11DAE5AE600D40D4F /* MultiTarget Dev */,
			);
		};
/* End PBXProject section */

/* Begin PBXResourcesBuildPhase section */
		8B0990961DAE5A4400D40D4F /* Resources */ = {
			isa = PBXResourcesBuildPhase;
			buildActionMask = 2147483647;
			files = (
				8B0990A91DAE5A4400D40D4F /* LaunchScreen.storyboard in Resources */,
				8B0990A61DAE5A4400D40D4F /* Assets.xcassets in Resources */,
				8B0990A11DAE5A4400D40D4F /* Main.storyboard in Resources */,
			);
			runOnlyForDeploymentPostprocessing = 0;
		};
		8B0990AD1DAE5A4400D40D4F /* Resources */ = {
			isa = PBXResourcesBuildPhase;
			buildActionMask = 2147483647;
			files = (
			);
			runOnlyForDeploymentPostprocessing = 0;
		};
		8B0990C71DAE5AE600D40D4F /* Resources */ = {
			isa = PBXResourcesBuildPhase;
			buildActionMask = 2147483647;
			files = (
				8B0990C81DAE5AE600D40D4F /* LaunchScreen.storyboard in Resources */,
				8B0990C91DAE5AE600D40D4F /* Assets.xcassets in Resources */,
				8B0990CA1DAE5AE600D40D4F /* Main.storyboard in Resources */,
			);
			runOnlyForDeploymentPostprocessing = 0;
		};
/* End PBXResourcesBuildPhase section */

/* Begin PBXSourcesBuildPhase section */
		8B0990941DAE5A4400D40D4F /* Sources */ = {
			isa = PBXSourcesBuildPhase;
			buildActionMask = 2147483647;
			files = (
				8B09909E1DAE5A4400D40D4F /* ViewController.swift in Sources */,
				8B09909C1DAE5A4400D40D4F /* AppDelegate.swift in Sources */,
				8B0990A41DAE5A4400D40D4F /* MultiTarget.xcdatamodeld in Sources */,
			);
			runOnlyForDeploymentPostprocessing = 0;
		};
		8B0990AB1DAE5A4400D40D4F /* Sources */ = {
			isa = PBXSourcesBuildPhase;
			buildActionMask = 2147483647;
			files = (
				8B0990B41DAE5A4400D40D4F /* MultiTargetTests.swift in Sources */,
			);
			runOnlyForDeploymentPostprocessing = 0;
		};
		8B0990C21DAE5AE600D40D4F /* Sources */ = {
			isa = PBXSourcesBuildPhase;
			buildActionMask = 2147483647;
			files = (
				8B0990C31DAE5AE600D40D4F /* ViewController.swift in Sources */,
				8B0990C41DAE5AE600D40D4F /* AppDelegate.swift in Sources */,
				8B0990C51DAE5AE600D40D4F /* MultiTarget.xcdatamodeld in Sources */,
			);
			runOnlyForDeploymentPostprocessing = 0;
		};
/* End PBXSourcesBuildPhase section */

/* Begin PBXTargetDependency section */
		8B0990B11DAE5A4400D40D4F /* PBXTargetDependency */ = {
			isa = PBXTargetDependency;
			target = 8B0990971DAE5A4400D40D4F /* MultiTarget */;
			targetProxy = 8B0990B01DAE5A4400D40D4F /* PBXContainerItemProxy */;
		};
/* End PBXTargetDependency section */

/* Begin PBXVariantGroup section */
		8B09909F1DAE5A4400D40D4F /* Main.storyboard */ = {
			isa = PBXVariantGroup;
			children = (
				8B0990A01DAE5A4400D40D4F /* Base */,
			);
			name = Main.storyboard;
			sourceTree = "<group>";
		};
		8B0990A71DAE5A4400D40D4F /* LaunchScreen.storyboard */ = {
			isa = PBXVariantGroup;
			children = (
				8B0990A81DAE5A4400D40D4F /* Base */,
			);
			name = LaunchScreen.storyboard;
			sourceTree = "<group>";
		};
/* End PBXVariantGroup section */

/* Begin XCBuildConfiguration section */
		8B0990B61DAE5A4400D40D4F /* Debug */ = {
			isa = XCBuildConfiguration;
			buildSettings = {
				ALWAYS_SEARCH_USER_PATHS = NO;
				CLANG_ANALYZER_NONNULL = YES;
				CLANG_CXX_LANGUAGE_STANDARD = "gnu++0x";
				CLANG_CXX_LIBRARY = "libc++";
				CLANG_ENABLE_MODULES = YES;
				CLANG_ENABLE_OBJC_ARC = YES;
				CLANG_WARN_BOOL_CONVERSION = YES;
				CLANG_WARN_CONSTANT_CONVERSION = YES;
				CLANG_WARN_DIRECT_OBJC_ISA_USAGE = YES_ERROR;
				CLANG_WARN_DOCUMENTATION_COMMENTS = YES;
				CLANG_WARN_EMPTY_BODY = YES;
				CLANG_WARN_ENUM_CONVERSION = YES;
				CLANG_WARN_INFINITE_RECURSION = YES;
				CLANG_WARN_INT_CONVERSION = YES;
				CLANG_WARN_OBJC_ROOT_CLASS = YES_ERROR;
				CLANG_WARN_SUSPICIOUS_MOVES = YES;
				CLANG_WARN_UNREACHABLE_CODE = YES;
				CLANG_WARN__DUPLICATE_METHOD_MATCH = YES;
				"CODE_SIGN_IDENTITY[sdk=iphoneos*]" = "iPhone Developer";
				COPY_PHASE_STRIP = NO;
				DEBUG_INFORMATION_FORMAT = dwarf;
				ENABLE_STRICT_OBJC_MSGSEND = YES;
				ENABLE_TESTABILITY = YES;
				GCC_C_LANGUAGE_STANDARD = gnu99;
				GCC_DYNAMIC_NO_PIC = NO;
				GCC_NO_COMMON_BLOCKS = YES;
				GCC_OPTIMIZATION_LEVEL = 0;
				GCC_PREPROCESSOR_DEFINITIONS = (
					"DEBUG=1",
					"$(inherited)",
				);
				GCC_WARN_64_TO_32_BIT_CONVERSION = YES;
				GCC_WARN_ABOUT_RETURN_TYPE = YES_ERROR;
				GCC_WARN_UNDECLARED_SELECTOR = YES;
				GCC_WARN_UNINITIALIZED_AUTOS = YES_AGGRESSIVE;
				GCC_WARN_UNUSED_FUNCTION = YES;
				GCC_WARN_UNUSED_VARIABLE = YES;
				IPHONEOS_DEPLOYMENT_TARGET = 9.0;
				MTL_ENABLE_DEBUG_INFO = YES;
				ONLY_ACTIVE_ARCH = YES;
				SDKROOT = iphoneos;
				SWIFT_ACTIVE_COMPILATION_CONDITIONS = DEBUG;
				SWIFT_OPTIMIZATION_LEVEL = "-Onone";
				TARGETED_DEVICE_FAMILY = "1,2";
			};
			name = Debug;
		};
		8B0990B71DAE5A4400D40D4F /* Release */ = {
			isa = XCBuildConfiguration;
			buildSettings = {
				ALWAYS_SEARCH_USER_PATHS = NO;
				CLANG_ANALYZER_NONNULL = YES;
				CLANG_CXX_LANGUAGE_STANDARD = "gnu++0x";
				CLANG_CXX_LIBRARY = "libc++";
				CLANG_ENABLE_MODULES = YES;
				CLANG_ENABLE_OBJC_ARC = YES;
				CLANG_WARN_BOOL_CONVERSION = YES;
				CLANG_WARN_CONSTANT_CONVERSION = YES;
				CLANG_WARN_DIRECT_OBJC_ISA_USAGE = YES_ERROR;
				CLANG_WARN_DOCUMENTATION_COMMENTS = YES;
				CLANG_WARN_EMPTY_BODY = YES;
				CLANG_WARN_ENUM_CONVERSION = YES;
				CLANG_WARN_INFINITE_RECURSION = YES;
				CLANG_WARN_INT_CONVERSION = YES;
				CLANG_WARN_OBJC_ROOT_CLASS = YES_ERROR;
				CLANG_WARN_SUSPICIOUS_MOVES = YES;
				CLANG_WARN_UNREACHABLE_CODE = YES;
				CLANG_WARN__DUPLICATE_METHOD_MATCH = YES;
				"CODE_SIGN_IDENTITY[sdk=iphoneos*]" = "iPhone Developer";
				COPY_PHASE_STRIP = NO;
				DEBUG_INFORMATION_FORMAT = "dwarf-with-dsym";
				ENABLE_NS_ASSERTIONS = NO;
				ENABLE_STRICT_OBJC_MSGSEND = YES;
				GCC_C_LANGUAGE_STANDARD = gnu99;
				GCC_NO_COMMON_BLOCKS = YES;
				GCC_WARN_64_TO_32_BIT_CONVERSION = YES;
				GCC_WARN_ABOUT_RETURN_TYPE = YES_ERROR;
				GCC_WARN_UNDECLARED_SELECTOR = YES;
				GCC_WARN_UNINITIALIZED_AUTOS = YES_AGGRESSIVE;
				GCC_WARN_UNUSED_FUNCTION = YES;
				GCC_WARN_UNUSED_VARIABLE = YES;
				IPHONEOS_DEPLOYMENT_TARGET = 9.0;
				MTL_ENABLE_DEBUG_INFO = NO;
				SDKROOT = iphoneos;
				SWIFT_OPTIMIZATION_LEVEL = "-Owholemodule";
				TARGETED_DEVICE_FAMILY = "1,2";
				VALIDATE_PRODUCT = YES;
			};
			name = Release;
		};
		8B0990B91DAE5A4400D40D4F /* Debug */ = {
			isa = XCBuildConfiguration;
			buildSettings = {
				ASSETCATALOG_COMPILER_APPICON_NAME = AppIcon;
				DEVELOPMENT_TEAM = 36P22G9VTC;
				INFOPLIST_FILE = MultiTarget/Info.plist;
				LD_RUNPATH_SEARCH_PATHS = "$(inherited) @executable_path/Frameworks";
				PRODUCT_BUNDLE_IDENTIFIER = com.chanel.vmhk;
				PRODUCT_NAME = "$(TARGET_NAME)";
				SWIFT_VERSION = 3.0;
			};
			name = Debug;
		};
		8B0990BA1DAE5A4400D40D4F /* Release */ = {
			isa = XCBuildConfiguration;
			buildSettings = {
				ASSETCATALOG_COMPILER_APPICON_NAME = AppIcon;
				DEVELOPMENT_TEAM = 36P22G9VTC;
				INFOPLIST_FILE = MultiTarget/Info.plist;
				LD_RUNPATH_SEARCH_PATHS = "$(inherited) @executable_path/Frameworks";
				PRODUCT_BUNDLE_IDENTIFIER = com.chanel.vmhk;
				PRODUCT_NAME = "$(TARGET_NAME)";
				SWIFT_VERSION = 3.0;
			};
			name = Release;
		};
		8B0990BC1DAE5A4400D40D4F /* Debug */ = {
			isa = XCBuildConfiguration;
			buildSettings = {
				ALWAYS_EMBED_SWIFT_STANDARD_LIBRARIES = YES;
				BUNDLE_LOADER = "$(TEST_HOST)";
				DEVELOPMENT_TEAM = 36P22G9VTC;
				INFOPLIST_FILE = MultiTargetTests/Info.plist;
				LD_RUNPATH_SEARCH_PATHS = "$(inherited) @executable_path/Frameworks @loader_path/Frameworks";
				PRODUCT_BUNDLE_IDENTIFIER = com.sandeep.MultiTargetTests;
				PRODUCT_NAME = "$(TARGET_NAME)";
				SWIFT_VERSION = 3.0;
				TEST_HOST = "$(BUILT_PRODUCTS_DIR)/MultiTarget.app/MultiTarget";
			};
			name = Debug;
		};
		8B0990BD1DAE5A4400D40D4F /* Release */ = {
			isa = XCBuildConfiguration;
			buildSettings = {
				ALWAYS_EMBED_SWIFT_STANDARD_LIBRARIES = YES;
				BUNDLE_LOADER = "$(TEST_HOST)";
				DEVELOPMENT_TEAM = 36P22G9VTC;
				INFOPLIST_FILE = MultiTargetTests/Info.plist;
				LD_RUNPATH_SEARCH_PATHS = "$(inherited) @executable_path/Frameworks @loader_path/Frameworks";
				PRODUCT_BUNDLE_IDENTIFIER = com.sandeep.MultiTargetTests;
				PRODUCT_NAME = "$(TARGET_NAME)";
				SWIFT_VERSION = 3.0;
				TEST_HOST = "$(BUILT_PRODUCTS_DIR)/MultiTarget.app/MultiTarget";
			};
			name = Release;
		};
		8B0990CC1DAE5AE600D40D4F /* Debug */ = {
			isa = XCBuildConfiguration;
			buildSettings = {
				ASSETCATALOG_COMPILER_APPICON_NAME = AppIcon;
				DEVELOPMENT_TEAM = 36P22G9VTC;
				INFOPLIST_FILE = "MultiTarget Dev-Info.plist";
				LD_RUNPATH_SEARCH_PATHS = "$(inherited) @executable_path/Frameworks";
				PRODUCT_BUNDLE_IDENTIFIER = com.chanel.vmS;
				PRODUCT_NAME = "$(TARGET_NAME)";
				SWIFT_VERSION = 3.0;
			};
			name = Debug;
		};
		8B0990CD1DAE5AE600D40D4F /* Release */ = {
			isa = XCBuildConfiguration;
			buildSettings = {
				ASSETCATALOG_COMPILER_APPICON_NAME = AppIcon;
				DEVELOPMENT_TEAM = 36P22G9VTC;
				INFOPLIST_FILE = "MultiTarget Dev-Info.plist";
				LD_RUNPATH_SEARCH_PATHS = "$(inherited) @executable_path/Frameworks";
				PRODUCT_BUNDLE_IDENTIFIER = com.chanel.vmS;
				PRODUCT_NAME = "$(TARGET_NAME)";
				SWIFT_VERSION = 3.0;
			};
			name = Release;
		};
/* End XCBuildConfiguration section */

/* Begin XCConfigurationList section */
		8B0990931DAE5A4400D40D4F /* Build configuration list for PBXProject "MultiTarget" */ = {
			isa = XCConfigurationList;
			buildConfigurations = (
				8B0990B61DAE5A4400D40D4F /* Debug */,
				8B0990B71DAE5A4400D40D4F /* Release */,
			);
			defaultConfigurationIsVisible = 0;
			defaultConfigurationName = Release;
		};
		8B0990B81DAE5A4400D40D4F /* Build configuration list for PBXNativeTarget "MultiTarget" */ = {
			isa = XCConfigurationList;
			buildConfigurations = (
				8B0990B91DAE5A4400D40D4F /* Debug */,
				8B0990BA1DAE5A4400D40D4F /* Release */,
			);
			defaultConfigurationIsVisible = 0;
		};
		8B0990BB1DAE5A4400D40D4F /* Build configuration list for PBXNativeTarget "MultiTargetTests" */ = {
			isa = XCConfigurationList;
			buildConfigurations = (
				8B0990BC1DAE5A4400D40D4F /* Debug */,
				8B0990BD1DAE5A4400D40D4F /* Release */,
			);
			defaultConfigurationIsVisible = 0;
		};
		8B0990CB1DAE5AE600D40D4F /* Build configuration list for PBXNativeTarget "MultiTarget Dev" */ = {
			isa = XCConfigurationList;
			buildConfigurations = (
				8B0990CC1DAE5AE600D40D4F /* Debug */,
				8B0990CD1DAE5AE600D40D4F /* Release */,
			);
			defaultConfigurationIsVisible = 0;
			defaultConfigurationName = Release;
		};
/* End XCConfigurationList section */

/* Begin XCVersionGroup section */
		8B0990A21DAE5A4400D40D4F /* MultiTarget.xcdatamodeld */ = {
			isa = XCVersionGroup;
			children = (
				8B0990A31DAE5A4400D40D4F /* MultiTarget.xcdatamodel */,
			);
			currentVersion = 8B0990A31DAE5A4400D40D4F /* MultiTarget.xcdatamodel */;
			path = MultiTarget.xcdatamodeld;
			sourceTree = "<group>";
			versionGroupType = wrapper.xcdatamodel;
		};
/* End XCVersionGroup section */
	};
	rootObject = 8B0990901DAE5A4400D40D4F /* Project object */;
}
